
Microsoft Visual Studio Solution File, Format Version 10.00
# Visual Studio 2008
Project("{FAE04EC0-301F-11D3-BF4B-00C04F79EFBC}") = "AET.Unity.SimplSharp", "AET.Unity.SimplSharp\AET.Unity.SimplSharp.csproj", "{4AC1536E-93AB-4A69-AE65-A9B85B8E50FF}"
EndProject
Global
	GlobalSection(SolutionConfigurationPlatforms) = preSolution
		Debug|Any CPU = Debug|Any CPU
		Release|Any CPU = Release|Any CPU
	EndGlobalSection
	GlobalSection(ProjectConfigurationPlatforms) = postSolution
		{4AC1536E-93AB-4A69-AE65-A9B85B8E50FF}.Debug|Any CPU.ActiveCfg = Debug|Any CPU
		{4AC1536E-93AB-4A69-AE65-A9B85B8E50FF}.Debug|Any CPU.Build.0 = Debug|Any CPU
		{4AC1536E-93AB-4A69-AE65-A9B85B8E50FF}.Release|Any CPU.ActiveCfg = Release|Any CPU
		{4AC1536E-93AB-4A69-AE65-A9B85B8E50FF}.Release|Any CPU.Build.0 = Release|Any CPU
	EndGlobalSection
	GlobalSection(SolutionProperties) = preSolution
		HideSolutionNode = FALSE
	EndGlobalSection
EndGlobal
